
Microsoft Visual Studio Solution File, Format Version 12.00
# Visual Studio Version 17
VisualStudioVersion = 17.4.33205.214
MinimumVisualStudioVersion = 10.0.40219.1
Project("{FAE04EC0-301F-11D3-BF4B-00C04F79EFBC}") = "MovieStore", "MovieStore\MovieStore.csproj", "{41C92AD5-77C9-42D6-84A7-B9C3874A76BE}"
EndProject
Global
	GlobalSection(SolutionConfigurationPlatforms) = preSolution
		Debug|Any CPU = Debug|Any CPU
		Release|Any CPU = Release|Any CPU
	EndGlobalSection
	GlobalSection(ProjectConfigurationPlatforms) = postSolution
		{41C92AD5-77C9-42D6-84A7-B9C3874A76BE}.Debug|Any CPU.ActiveCfg = Debug|Any CPU
		{41C92AD5-77C9-42D6-84A7-B9C3874A76BE}.Debug|Any CPU.Build.0 = Debug|Any CPU
		{41C92AD5-77C9-42D6-84A7-B9C3874A76BE}.Release|Any CPU.ActiveCfg = Release|Any CPU
		{41C92AD5-77C9-42D6-84A7-B9C3874A76BE}.Release|Any CPU.Build.0 = Release|Any CPU
	EndGlobalSection
	GlobalSection(SolutionProperties) = preSolution
		HideSolutionNode = FALSE
	EndGlobalSection
	GlobalSection(ExtensibilityGlobals) = postSolution
		SolutionGuid = {A2A3274D-BEB9-479A-9B8F-51B37BC540DC}
	EndGlobalSection
EndGlobal
